<Solution>
  <Folder Name="/Lib/">
    <Project Path="src/LibOpenCli/LibOpenCli.csproj" Id="80e1f512-185f-4c97-b64e-757547cefe06" />
  </Folder>
  <Folder Name="/Tests/">
    <Project Path="test/Application.Tests/Application.Tests.csproj" Id="0b416ac2-53d5-4aec-bb29-c623f03b0638" />
    <Project Path="test/Cli.Tests/Cli.Tests.csproj" Id="696e3a20-9088-4055-8405-d170b449ebff" />
  </Folder>
  <Project Path="src/Application/Application.csproj" Id="8ea6d5c4-1632-4abb-b61d-dc58065563e7" />
  <Project Path="src/Cli/Cli.csproj" Id="bf11f2c1-2ac2-4df0-8453-3ccc51bf44c0" />
</Solution>
