
Microsoft Visual Studio Solution File, Format Version 12.00
# Visual Studio Version 18
VisualStudioVersion = 18.0.11205.157
MinimumVisualStudioVersion = 10.0.40219.1
Project("{FAE04EC0-301F-11D3-BF4B-00C04F79EFBC}") = "DotnetManageSecrets", "src\DotnetManageSecrets\DotnetManageSecrets.csproj", "{2EA6AB69-5C44-06A3-F2E4-87A741E62611}"
EndProject
Project("{2150E333-8FDC-42A3-9474-1A3956D46DE8}") = "Tests", "Tests", "{02EA681E-C7D8-13C7-8484-4AC65E1B71E8}"
EndProject
Project("{FAE04EC0-301F-11D3-BF4B-00C04F79EFBC}") = "DotnetManageSecrets.Tests", "test\DotnetManageSecrets.Tests\DotnetManageSecrets.Tests.csproj", "{4D6D3BD9-9887-4932-8A9E-EECB71EFBCD3}"
EndProject
Project("{FAE04EC0-301F-11D3-BF4B-00C04F79EFBC}") = "DotnetManageSecrets.Website", "site\DotnetManageSecrets.Website\DotnetManageSecrets.Website.csproj", "{1BF553EB-ECB2-4415-813E-66754640745E}"
EndProject
Global
	GlobalSection(SolutionConfigurationPlatforms) = preSolution
		Debug|Any CPU = Debug|Any CPU
		Release|Any CPU = Release|Any CPU
	EndGlobalSection
	GlobalSection(ProjectConfigurationPlatforms) = postSolution
		{2EA6AB69-5C44-06A3-F2E4-87A741E62611}.Debug|Any CPU.ActiveCfg = Debug|Any CPU
		{2EA6AB69-5C44-06A3-F2E4-87A741E62611}.Debug|Any CPU.Build.0 = Debug|Any CPU
		{2EA6AB69-5C44-06A3-F2E4-87A741E62611}.Release|Any CPU.ActiveCfg = Release|Any CPU
		{2EA6AB69-5C44-06A3-F2E4-87A741E62611}.Release|Any CPU.Build.0 = Release|Any CPU
		{4D6D3BD9-9887-4932-8A9E-EECB71EFBCD3}.Debug|Any CPU.ActiveCfg = Debug|Any CPU
		{4D6D3BD9-9887-4932-8A9E-EECB71EFBCD3}.Debug|Any CPU.Build.0 = Debug|Any CPU
		{4D6D3BD9-9887-4932-8A9E-EECB71EFBCD3}.Release|Any CPU.ActiveCfg = Release|Any CPU
		{4D6D3BD9-9887-4932-8A9E-EECB71EFBCD3}.Release|Any CPU.Build.0 = Release|Any CPU
		{1BF553EB-ECB2-4415-813E-66754640745E}.Debug|Any CPU.ActiveCfg = Debug|Any CPU
		{1BF553EB-ECB2-4415-813E-66754640745E}.Debug|Any CPU.Build.0 = Debug|Any CPU
		{1BF553EB-ECB2-4415-813E-66754640745E}.Release|Any CPU.ActiveCfg = Release|Any CPU
		{1BF553EB-ECB2-4415-813E-66754640745E}.Release|Any CPU.Build.0 = Release|Any CPU
	EndGlobalSection
	GlobalSection(SolutionProperties) = preSolution
		HideSolutionNode = FALSE
	EndGlobalSection
	GlobalSection(NestedProjects) = preSolution
		{4D6D3BD9-9887-4932-8A9E-EECB71EFBCD3} = {02EA681E-C7D8-13C7-8484-4AC65E1B71E8}
	EndGlobalSection
	GlobalSection(ExtensibilityGlobals) = postSolution
		SolutionGuid = {25955F6D-B44A-4F90-A029-55E047494ABC}
	EndGlobalSection
EndGlobal
